
Microsoft Visual Studio Solution File, Format Version 12.00
# Visual Studio Version 17
VisualStudioVersion = 17.0.32014.148
MinimumVisualStudioVersion = 10.0.40219.1
Project("{9A19103F-16F7-4668-BE54-9A1E7A4F7556}") = "libNOM.map", "libNOM.map\libNOM.map.csproj", "{08EC140B-16B4-4077-B71C-23EED39CE9C7}"
EndProject
Project("{FAE04EC0-301F-11D3-BF4B-00C04F79EFBC}") = "libNOM.test", "libNOM.test\libNOM.test.csproj", "{BDF92BED-3664-4630-950D-8D30A2447A58}"
Project("{2150E333-8FDC-42A3-9474-1A3956D46DE8}") = "Solution Items", "Solution Items", "{68470A13-F82E-40B8-9146-2AD3D5E82CC1}"
	ProjectSection(SolutionItems) = preProject
		.codeclimate.yml = .codeclimate.yml
		.editorconfig = .editorconfig
		.exclusion.dic = .exclusion.dic
	EndProjectSection
EndProject
Global
	GlobalSection(SolutionConfigurationPlatforms) = preSolution
		Debug|Any CPU = Debug|Any CPU
		Release|Any CPU = Release|Any CPU
	EndGlobalSection
	GlobalSection(ProjectConfigurationPlatforms) = postSolution
		{08EC140B-16B4-4077-B71C-23EED39CE9C7}.Debug|Any CPU.ActiveCfg = Debug|Any CPU
		{08EC140B-16B4-4077-B71C-23EED39CE9C7}.Debug|Any CPU.Build.0 = Debug|Any CPU
		{08EC140B-16B4-4077-B71C-23EED39CE9C7}.Release|Any CPU.ActiveCfg = Release|Any CPU
		{08EC140B-16B4-4077-B71C-23EED39CE9C7}.Release|Any CPU.Build.0 = Release|Any CPU
		{BDF92BED-3664-4630-950D-8D30A2447A58}.Debug|Any CPU.ActiveCfg = Debug|Any CPU
		{BDF92BED-3664-4630-950D-8D30A2447A58}.Debug|Any CPU.Build.0 = Debug|Any CPU
		{BDF92BED-3664-4630-950D-8D30A2447A58}.Release|Any CPU.ActiveCfg = Release|Any CPU
		{BDF92BED-3664-4630-950D-8D30A2447A58}.Release|Any CPU.Build.0 = Release|Any CPU
	EndGlobalSection
	GlobalSection(SolutionProperties) = preSolution
		HideSolutionNode = FALSE
	EndGlobalSection
	GlobalSection(ExtensibilityGlobals) = postSolution
		SolutionGuid = {3B370116-DD52-46CE-BADD-B8B4BC55F3E2}
	EndGlobalSection
EndGlobal
